
Microsoft Visual Studio Solution File, Format Version 12.00
# Visual Studio Version 16
VisualStudioVersion = 16.0.31321.278
MinimumVisualStudioVersion = 10.0.40219.1
Project("{00D1A9C2-B5F0-4AF3-8072-F6C62B433612}") = "CatalogDb", "Catalog\SqlServer\CatalogDb.sqlproj", "{FAD8FC07-02A1-48E4-849F-367AFC989A0C}"
EndProject
Global
	GlobalSection(SolutionConfigurationPlatforms) = preSolution
		Debug|Any CPU = Debug|Any CPU
		Release|Any CPU = Release|Any CPU
	EndGlobalSection
	GlobalSection(ProjectConfigurationPlatforms) = postSolution
		{FAD8FC07-02A1-48E4-849F-367AFC989A0C}.Debug|Any CPU.ActiveCfg = Debug|Any CPU
		{FAD8FC07-02A1-48E4-849F-367AFC989A0C}.Debug|Any CPU.Build.0 = Debug|Any CPU
		{FAD8FC07-02A1-48E4-849F-367AFC989A0C}.Debug|Any CPU.Deploy.0 = Debug|Any CPU
		{FAD8FC07-02A1-48E4-849F-367AFC989A0C}.Release|Any CPU.ActiveCfg = Release|Any CPU
		{FAD8FC07-02A1-48E4-849F-367AFC989A0C}.Release|Any CPU.Build.0 = Release|Any CPU
		{FAD8FC07-02A1-48E4-849F-367AFC989A0C}.Release|Any CPU.Deploy.0 = Release|Any CPU
	EndGlobalSection
	GlobalSection(SolutionProperties) = preSolution
		HideSolutionNode = FALSE
	EndGlobalSection
	GlobalSection(ExtensibilityGlobals) = postSolution
		SolutionGuid = {5121AB54-5079-4532-B4C2-D5CE663DDF74}
	EndGlobalSection
EndGlobal
